{
  "name": "Section 9 Design Patterns with Typescript",
  "lockfileVersion": 2,
  "requires": true,
  "packages": {
    "": {
      "dependencies": {
        "@types/google.maps": "^3.48.6"
      },
      "devDependencies": {
        "@faker-js/faker": "^6.1.2"
      }
    },
    "node_modules/@faker-js/faker": {
      "version": "6.1.2",
      "resolved": "https://registry.npmjs.org/@faker-js/faker/-/faker-6.1.2.tgz",
      "integrity": "sha512-QSvmexHCxeRUk1/yKmoEDaWB5Hohjvtim5g2JJwy8S/l0L4b3y/GxSpE6vN4SBoVGGahEQW21uqyRr7EofI35A==",
      "dev": true,
      "engines": {
        "node": ">=14.0.0",
        "npm": ">=6.0.0"
      }
    },
    "node_modules/@types/google.maps": {
      "version": "3.48.6",
      "resolved": "https://registry.npmjs.org/@types/google.maps/-/google.maps-3.48.6.tgz",
      "integrity": "sha512-ZSx2J50Q9qyHhYVO4UdTvt5sHILzenSCiMbr7bjYNCMBkW/sagHMEDPI3Vjlr9i2tlMHIGoLk6DthWJnqFun/A=="
    }
  },
  "dependencies": {
    "@faker-js/faker": {
      "version": "6.1.2",
      "resolved": "https://registry.npmjs.org/@faker-js/faker/-/faker-6.1.2.tgz",
      "integrity": "sha512-QSvmexHCxeRUk1/yKmoEDaWB5Hohjvtim5g2JJwy8S/l0L4b3y/GxSpE6vN4SBoVGGahEQW21uqyRr7EofI35A==",
      "dev": true
    },
    "@types/google.maps": {
      "version": "3.48.6",
      "resolved": "https://registry.npmjs.org/@types/google.maps/-/google.maps-3.48.6.tgz",
      "integrity": "sha512-ZSx2J50Q9qyHhYVO4UdTvt5sHILzenSCiMbr7bjYNCMBkW/sagHMEDPI3Vjlr9i2tlMHIGoLk6DthWJnqFun/A=="
    }
  }
}
